
Microsoft Visual Studio Solution File, Format Version 12.00
# Visual Studio Version 17
VisualStudioVersion = 17.8.34316.72
MinimumVisualStudioVersion = 10.0.40219.1
Project("{9A19103F-16F7-4668-BE54-9A1E7A4F7556}") = "congestion-tax-calculator-net-core", "congestion-tax-calculator-net-core.csproj", "{C13FBEBC-A8BD-433F-A578-D1B35BFCBC19}"
EndProject
Project("{9A19103F-16F7-4668-BE54-9A1E7A4F7556}") = "DBContext", "DBContext\DBContext.csproj", "{8679790F-0EBC-414A-8118-E0109917A12B}"
EndProject
Project("{9A19103F-16F7-4668-BE54-9A1E7A4F7556}") = "CalculateToll", "CalculateToll\CalculateToll.csproj", "{71ED452A-4ED7-4E57-8A30-C6BDED81F81A}"
EndProject
Global
	GlobalSection(SolutionConfigurationPlatforms) = preSolution
		Debug|Any CPU = Debug|Any CPU
		Release|Any CPU = Release|Any CPU
	EndGlobalSection
	GlobalSection(ProjectConfigurationPlatforms) = postSolution
		{C13FBEBC-A8BD-433F-A578-D1B35BFCBC19}.Debug|Any CPU.ActiveCfg = Debug|Any CPU
		{C13FBEBC-A8BD-433F-A578-D1B35BFCBC19}.Debug|Any CPU.Build.0 = Debug|Any CPU
		{C13FBEBC-A8BD-433F-A578-D1B35BFCBC19}.Release|Any CPU.ActiveCfg = Release|Any CPU
		{C13FBEBC-A8BD-433F-A578-D1B35BFCBC19}.Release|Any CPU.Build.0 = Release|Any CPU
		{8679790F-0EBC-414A-8118-E0109917A12B}.Debug|Any CPU.ActiveCfg = Debug|Any CPU
		{8679790F-0EBC-414A-8118-E0109917A12B}.Debug|Any CPU.Build.0 = Debug|Any CPU
		{8679790F-0EBC-414A-8118-E0109917A12B}.Release|Any CPU.ActiveCfg = Release|Any CPU
		{8679790F-0EBC-414A-8118-E0109917A12B}.Release|Any CPU.Build.0 = Release|Any CPU
		{71ED452A-4ED7-4E57-8A30-C6BDED81F81A}.Debug|Any CPU.ActiveCfg = Debug|Any CPU
		{71ED452A-4ED7-4E57-8A30-C6BDED81F81A}.Debug|Any CPU.Build.0 = Debug|Any CPU
		{71ED452A-4ED7-4E57-8A30-C6BDED81F81A}.Release|Any CPU.ActiveCfg = Release|Any CPU
		{71ED452A-4ED7-4E57-8A30-C6BDED81F81A}.Release|Any CPU.Build.0 = Release|Any CPU
	EndGlobalSection
	GlobalSection(SolutionProperties) = preSolution
		HideSolutionNode = FALSE
	EndGlobalSection
	GlobalSection(ExtensibilityGlobals) = postSolution
		SolutionGuid = {8173B7AA-DE9F-48D4-B4A5-88289523461D}
	EndGlobalSection
EndGlobal
